
Microsoft Visual Studio Solution File, Format Version 12.00
# Visual Studio Version 17
VisualStudioVersion = 17.4.33213.308
MinimumVisualStudioVersion = 10.0.40219.1
Project("{FAE04EC0-301F-11D3-BF4B-00C04F79EFBC}") = "HW_16", "HW_16\HW_16.csproj", "{D6FFB218-99BE-43CC-A45E-46C283E2C38F}"
EndProject
Global
	GlobalSection(SolutionConfigurationPlatforms) = preSolution
		Debug|Any CPU = Debug|Any CPU
		Release|Any CPU = Release|Any CPU
	EndGlobalSection
	GlobalSection(ProjectConfigurationPlatforms) = postSolution
		{D6FFB218-99BE-43CC-A45E-46C283E2C38F}.Debug|Any CPU.ActiveCfg = Debug|Any CPU
		{D6FFB218-99BE-43CC-A45E-46C283E2C38F}.Debug|Any CPU.Build.0 = Debug|Any CPU
		{D6FFB218-99BE-43CC-A45E-46C283E2C38F}.Release|Any CPU.ActiveCfg = Release|Any CPU
		{D6FFB218-99BE-43CC-A45E-46C283E2C38F}.Release|Any CPU.Build.0 = Release|Any CPU
	EndGlobalSection
	GlobalSection(SolutionProperties) = preSolution
		HideSolutionNode = FALSE
	EndGlobalSection
	GlobalSection(ExtensibilityGlobals) = postSolution
		SolutionGuid = {7F3AE0D3-B241-4029-842E-8A6710C08265}
	EndGlobalSection
EndGlobal
