
Microsoft Visual Studio Solution File, Format Version 12.00
# Visual Studio Version 17
VisualStudioVersion = 17.4.33122.133
MinimumVisualStudioVersion = 10.0.40219.1
Project("{FAE04EC0-301F-11D3-BF4B-00C04F79EFBC}") = "HW_13", "HW_13\HW_13.csproj", "{754FD9A5-103A-4786-A348-023A00375183}"
EndProject
Global
	GlobalSection(SolutionConfigurationPlatforms) = preSolution
		Debug|Any CPU = Debug|Any CPU
		Release|Any CPU = Release|Any CPU
	EndGlobalSection
	GlobalSection(ProjectConfigurationPlatforms) = postSolution
		{754FD9A5-103A-4786-A348-023A00375183}.Debug|Any CPU.ActiveCfg = Debug|Any CPU
		{754FD9A5-103A-4786-A348-023A00375183}.Debug|Any CPU.Build.0 = Debug|Any CPU
		{754FD9A5-103A-4786-A348-023A00375183}.Release|Any CPU.ActiveCfg = Release|Any CPU
		{754FD9A5-103A-4786-A348-023A00375183}.Release|Any CPU.Build.0 = Release|Any CPU
	EndGlobalSection
	GlobalSection(SolutionProperties) = preSolution
		HideSolutionNode = FALSE
	EndGlobalSection
	GlobalSection(ExtensibilityGlobals) = postSolution
		SolutionGuid = {1E06825B-C3B7-4491-826A-DE0A95CF7202}
	EndGlobalSection
EndGlobal
