
Microsoft Visual Studio Solution File, Format Version 12.00
# Visual Studio Version 17
VisualStudioVersion = 17.2.32630.192
MinimumVisualStudioVersion = 10.0.40219.1
Project("{FAE04EC0-301F-11D3-BF4B-00C04F79EFBC}") = "ДЗ_1ПосадскийМ", "ДЗ_1ПосадскийМ\ДЗ_1ПосадскийМ.csproj", "{FAA852A6-9AEA-4C18-8AA4-723AAF57B143}"
EndProject
Global
	GlobalSection(SolutionConfigurationPlatforms) = preSolution
		Debug|Any CPU = Debug|Any CPU
		Release|Any CPU = Release|Any CPU
	EndGlobalSection
	GlobalSection(ProjectConfigurationPlatforms) = postSolution
		{FAA852A6-9AEA-4C18-8AA4-723AAF57B143}.Debug|Any CPU.ActiveCfg = Debug|Any CPU
		{FAA852A6-9AEA-4C18-8AA4-723AAF57B143}.Debug|Any CPU.Build.0 = Debug|Any CPU
		{FAA852A6-9AEA-4C18-8AA4-723AAF57B143}.Release|Any CPU.ActiveCfg = Release|Any CPU
		{FAA852A6-9AEA-4C18-8AA4-723AAF57B143}.Release|Any CPU.Build.0 = Release|Any CPU
	EndGlobalSection
	GlobalSection(SolutionProperties) = preSolution
		HideSolutionNode = FALSE
	EndGlobalSection
	GlobalSection(ExtensibilityGlobals) = postSolution
		SolutionGuid = {A6A03641-C023-455D-B4C5-B2D98F9F3DDD}
	EndGlobalSection
EndGlobal
