
Microsoft Visual Studio Solution File, Format Version 12.00
# Visual Studio Version 17
VisualStudioVersion = 17.2.32630.192
MinimumVisualStudioVersion = 10.0.40219.1
Project("{FAE04EC0-301F-11D3-BF4B-00C04F79EFBC}") = "ДЗ2_ПосадскийМ", "ДЗ2_ПосадскийМ\ДЗ2_ПосадскийМ.csproj", "{3DF617FD-3468-4574-9C7F-F3373B0B0768}"
EndProject
Global
	GlobalSection(SolutionConfigurationPlatforms) = preSolution
		Debug|Any CPU = Debug|Any CPU
		Release|Any CPU = Release|Any CPU
	EndGlobalSection
	GlobalSection(ProjectConfigurationPlatforms) = postSolution
		{3DF617FD-3468-4574-9C7F-F3373B0B0768}.Debug|Any CPU.ActiveCfg = Debug|Any CPU
		{3DF617FD-3468-4574-9C7F-F3373B0B0768}.Debug|Any CPU.Build.0 = Debug|Any CPU
		{3DF617FD-3468-4574-9C7F-F3373B0B0768}.Release|Any CPU.ActiveCfg = Release|Any CPU
		{3DF617FD-3468-4574-9C7F-F3373B0B0768}.Release|Any CPU.Build.0 = Release|Any CPU
	EndGlobalSection
	GlobalSection(SolutionProperties) = preSolution
		HideSolutionNode = FALSE
	EndGlobalSection
	GlobalSection(ExtensibilityGlobals) = postSolution
		SolutionGuid = {72A82144-542E-4FF4-8D08-848DD4BE2017}
	EndGlobalSection
EndGlobal
