
Microsoft Visual Studio Solution File, Format Version 12.00
# Visual Studio Version 17
VisualStudioVersion = 17.2.32630.192
MinimumVisualStudioVersion = 10.0.40219.1
Project("{FAE04EC0-301F-11D3-BF4B-00C04F79EFBC}") = "ДЗ3_ПосадскийМ", "ДЗ3_ПосадскийМ\ДЗ3_ПосадскийМ.csproj", "{9FABEBFB-BB15-42DC-8127-54B5272D7FEA}"
EndProject
Global
	GlobalSection(SolutionConfigurationPlatforms) = preSolution
		Debug|Any CPU = Debug|Any CPU
		Release|Any CPU = Release|Any CPU
	EndGlobalSection
	GlobalSection(ProjectConfigurationPlatforms) = postSolution
		{9FABEBFB-BB15-42DC-8127-54B5272D7FEA}.Debug|Any CPU.ActiveCfg = Debug|Any CPU
		{9FABEBFB-BB15-42DC-8127-54B5272D7FEA}.Debug|Any CPU.Build.0 = Debug|Any CPU
		{9FABEBFB-BB15-42DC-8127-54B5272D7FEA}.Release|Any CPU.ActiveCfg = Release|Any CPU
		{9FABEBFB-BB15-42DC-8127-54B5272D7FEA}.Release|Any CPU.Build.0 = Release|Any CPU
	EndGlobalSection
	GlobalSection(SolutionProperties) = preSolution
		HideSolutionNode = FALSE
	EndGlobalSection
	GlobalSection(ExtensibilityGlobals) = postSolution
		SolutionGuid = {D6CCFAB1-137C-45B3-998D-66D8AD2F2906}
	EndGlobalSection
EndGlobal
